// !$*UTF8*$!
{
	archiveVersion = 1;
	classes = {
	};
	objectVersion = 55;
	objects = {

/* Begin PBXBuildFile section */
		BC6B079028007A690012DF40 /* AppDelegate.swift in Sources */ = {isa = PBXBuildFile; fileRef = BC6B078F28007A690012DF40 /* AppDelegate.swift */; };
		BC6B079228007A690012DF40 /* SceneDelegate.swift in Sources */ = {isa = PBXBuildFile; fileRef = BC6B079128007A690012DF40 /* SceneDelegate.swift */; };
		BC6B079428007A690012DF40 /* CharactersVC.swift in Sources */ = {isa = PBXBuildFile; fileRef = BC6B079328007A690012DF40 /* CharactersVC.swift */; };
		BC6B079728007A690012DF40 /* Main.storyboard in Resources */ = {isa = PBXBuildFile; fileRef = BC6B079528007A690012DF40 /* Main.storyboard */; };
		BC6B079928007A6B0012DF40 /* Assets.xcassets in Resources */ = {isa = PBXBuildFile; fileRef = BC6B079828007A6B0012DF40 /* Assets.xcassets */; };
		BC6B079C28007A6B0012DF40 /* LaunchScreen.storyboard in Resources */ = {isa = PBXBuildFile; fileRef = BC6B079A28007A6B0012DF40 /* LaunchScreen.storyboard */; };
		BC6B07AA280083770012DF40 /* CharacterCell.swift in Sources */ = {isa = PBXBuildFile; fileRef = BC6B07A9280083770012DF40 /* CharacterCell.swift */; };
		BC6B07AC280083A10012DF40 /* StarWarsModel.swift in Sources */ = {isa = PBXBuildFile; fileRef = BC6B07AB280083A10012DF40 /* StarWarsModel.swift */; };
		BC6B07AE28008AD90012DF40 /* NetworkServices.swift in Sources */ = {isa = PBXBuildFile; fileRef = BC6B07AD28008AD90012DF40 /* NetworkServices.swift */; };
		BC6B07B02800A34C0012DF40 /* DetailedCharacterVC.swift in Sources */ = {isa = PBXBuildFile; fileRef = BC6B07AF2800A34C0012DF40 /* DetailedCharacterVC.swift */; };
		BC6B07B42800ADD40012DF40 /* UIViewControllerExt.swift in Sources */ = {isa = PBXBuildFile; fileRef = BC6B07B32800ADD40012DF40 /* UIViewControllerExt.swift */; };
		BC6B07B62800B56B0012DF40 /* DetailedPlanetVC.swift in Sources */ = {isa = PBXBuildFile; fileRef = BC6B07B52800B56B0012DF40 /* DetailedPlanetVC.swift */; };
/* End PBXBuildFile section */

/* Begin PBXFileReference section */
		BC6B078C28007A690012DF40 /* StarWarsApiTest.app */ = {isa = PBXFileReference; explicitFileType = wrapper.application; includeInIndex = 0; path = StarWarsApiTest.app; sourceTree = BUILT_PRODUCTS_DIR; };
		BC6B078F28007A690012DF40 /* AppDelegate.swift */ = {isa = PBXFileReference; lastKnownFileType = sourcecode.swift; path = AppDelegate.swift; sourceTree = "<group>"; };
		BC6B079128007A690012DF40 /* SceneDelegate.swift */ = {isa = PBXFileReference; lastKnownFileType = sourcecode.swift; path = SceneDelegate.swift; sourceTree = "<group>"; };
		BC6B079328007A690012DF40 /* CharactersVC.swift */ = {isa = PBXFileReference; lastKnownFileType = sourcecode.swift; path = CharactersVC.swift; sourceTree = "<group>"; };
		BC6B079628007A690012DF40 /* Base */ = {isa = PBXFileReference; lastKnownFileType = file.storyboard; name = Base; path = Base.lproj/Main.storyboard; sourceTree = "<group>"; };
		BC6B079828007A6B0012DF40 /* Assets.xcassets */ = {isa = PBXFileReference; lastKnownFileType = folder.assetcatalog; path = Assets.xcassets; sourceTree = "<group>"; };
		BC6B079B28007A6B0012DF40 /* Base */ = {isa = PBXFileReference; lastKnownFileType = file.storyboard; name = Base; path = Base.lproj/LaunchScreen.storyboard; sourceTree = "<group>"; };
		BC6B079D28007A6B0012DF40 /* Info.plist */ = {isa = PBXFileReference; lastKnownFileType = text.plist.xml; path = Info.plist; sourceTree = "<group>"; };
		BC6B07A9280083770012DF40 /* CharacterCell.swift */ = {isa = PBXFileReference; lastKnownFileType = sourcecode.swift; path = CharacterCell.swift; sourceTree = "<group>"; };
		BC6B07AB280083A10012DF40 /* StarWarsModel.swift */ = {isa = PBXFileReference; lastKnownFileType = sourcecode.swift; path = StarWarsModel.swift; sourceTree = "<group>"; };
		BC6B07AD28008AD90012DF40 /* NetworkServices.swift */ = {isa = PBXFileReference; lastKnownFileType = sourcecode.swift; path = NetworkServices.swift; sourceTree = "<group>"; };
		BC6B07AF2800A34C0012DF40 /* DetailedCharacterVC.swift */ = {isa = PBXFileReference; lastKnownFileType = sourcecode.swift; path = DetailedCharacterVC.swift; sourceTree = "<group>"; };
		BC6B07B32800ADD40012DF40 /* UIViewControllerExt.swift */ = {isa = PBXFileReference; lastKnownFileType = sourcecode.swift; path = UIViewControllerExt.swift; sourceTree = "<group>"; };
		BC6B07B52800B56B0012DF40 /* DetailedPlanetVC.swift */ = {isa = PBXFileReference; lastKnownFileType = sourcecode.swift; path = DetailedPlanetVC.swift; sourceTree = "<group>"; };
/* End PBXFileReference section */

/* Begin PBXFrameworksBuildPhase section */
		BC6B078928007A690012DF40 /* Frameworks */ = {
			isa = PBXFrameworksBuildPhase;
			buildActionMask = 2147483647;
			files = (
			);
			runOnlyForDeploymentPostprocessing = 0;
		};
/* End PBXFrameworksBuildPhase section */

/* Begin PBXGroup section */
		BC6B078328007A690012DF40 = {
			isa = PBXGroup;
			children = (
				BC6B078E28007A690012DF40 /* StarWarsApiTest */,
				BC6B078D28007A690012DF40 /* Products */,
			);
			sourceTree = "<group>";
		};
		BC6B078D28007A690012DF40 /* Products */ = {
			isa = PBXGroup;
			children = (
				BC6B078C28007A690012DF40 /* StarWarsApiTest.app */,
			);
			name = Products;
			sourceTree = "<group>";
		};
		BC6B078E28007A690012DF40 /* StarWarsApiTest */ = {
			isa = PBXGroup;
			children = (
				BC6B07B22800ADB80012DF40 /* Extension */,
				BC6B07A628007E1C0012DF40 /* Services */,
				BC6B07A528007E130012DF40 /* Controller */,
				BC6B07A428007E0B0012DF40 /* View */,
				BC6B07A328007E060012DF40 /* Model */,
				BC6B078F28007A690012DF40 /* AppDelegate.swift */,
				BC6B079128007A690012DF40 /* SceneDelegate.swift */,
				BC6B079528007A690012DF40 /* Main.storyboard */,
				BC6B079828007A6B0012DF40 /* Assets.xcassets */,
				BC6B079A28007A6B0012DF40 /* LaunchScreen.storyboard */,
				BC6B079D28007A6B0012DF40 /* Info.plist */,
			);
			path = StarWarsApiTest;
			sourceTree = "<group>";
		};
		BC6B07A328007E060012DF40 /* Model */ = {
			isa = PBXGroup;
			children = (
				BC6B07AB280083A10012DF40 /* StarWarsModel.swift */,
			);
			path = Model;
			sourceTree = "<group>";
		};
		BC6B07A428007E0B0012DF40 /* View */ = {
			isa = PBXGroup;
			children = (
				BC6B07A9280083770012DF40 /* CharacterCell.swift */,
			);
			path = View;
			sourceTree = "<group>";
		};
		BC6B07A528007E130012DF40 /* Controller */ = {
			isa = PBXGroup;
			children = (
				BC6B079328007A690012DF40 /* CharactersVC.swift */,
				BC6B07AF2800A34C0012DF40 /* DetailedCharacterVC.swift */,
				BC6B07B52800B56B0012DF40 /* DetailedPlanetVC.swift */,
			);
			path = Controller;
			sourceTree = "<group>";
		};
		BC6B07A628007E1C0012DF40 /* Services */ = {
			isa = PBXGroup;
			children = (
				BC6B07AD28008AD90012DF40 /* NetworkServices.swift */,
			);
			path = Services;
			sourceTree = "<group>";
		};
		BC6B07B22800ADB80012DF40 /* Extension */ = {
			isa = PBXGroup;
			children = (
				BC6B07B32800ADD40012DF40 /* UIViewControllerExt.swift */,
			);
			path = Extension;
			sourceTree = "<group>";
		};
/* End PBXGroup section */

/* Begin PBXNativeTarget section */
		BC6B078B28007A690012DF40 /* StarWarsApiTest */ = {
			isa = PBXNativeTarget;
			buildConfigurationList = BC6B07A028007A6B0012DF40 /* Build configuration list for PBXNativeTarget "StarWarsApiTest" */;
			buildPhases = (
				BC6B078828007A690012DF40 /* Sources */,
				BC6B078928007A690012DF40 /* Frameworks */,
				BC6B078A28007A690012DF40 /* Resources */,
			);
			buildRules = (
			);
			dependencies = (
			);
			name = StarWarsApiTest;
			productName = StarWarsApiTest;
			productReference = BC6B078C28007A690012DF40 /* StarWarsApiTest.app */;
			productType = "com.apple.product-type.application";
		};
/* End PBXNativeTarget section */

/* Begin PBXProject section */
		BC6B078428007A690012DF40 /* Project object */ = {
			isa = PBXProject;
			attributes = {
				BuildIndependentTargetsInParallel = 1;
				LastSwiftUpdateCheck = 1330;
				LastUpgradeCheck = 1330;
				TargetAttributes = {
					BC6B078B28007A690012DF40 = {
						CreatedOnToolsVersion = 13.3;
					};
				};
			};
			buildConfigurationList = BC6B078728007A690012DF40 /* Build configuration list for PBXProject "StarWarsApiTest" */;
			compatibilityVersion = "Xcode 13.0";
			developmentRegion = en;
			hasScannedForEncodings = 0;
			knownRegions = (
				en,
				Base,
			);
			mainGroup = BC6B078328007A690012DF40;
			productRefGroup = BC6B078D28007A690012DF40 /* Products */;
			projectDirPath = "";
			projectRoot = "";
			targets = (
				BC6B078B28007A690012DF40 /* StarWarsApiTest */,
			);
		};
/* End PBXProject section */

/* Begin PBXResourcesBuildPhase section */
		BC6B078A28007A690012DF40 /* Resources */ = {
			isa = PBXResourcesBuildPhase;
			buildActionMask = 2147483647;
			files = (
				BC6B079C28007A6B0012DF40 /* LaunchScreen.storyboard in Resources */,
				BC6B079928007A6B0012DF40 /* Assets.xcassets in Resources */,
				BC6B079728007A690012DF40 /* Main.storyboard in Resources */,
			);
			runOnlyForDeploymentPostprocessing = 0;
		};
/* End PBXResourcesBuildPhase section */

/* Begin PBXSourcesBuildPhase section */
		BC6B078828007A690012DF40 /* Sources */ = {
			isa = PBXSourcesBuildPhase;
			buildActionMask = 2147483647;
			files = (
				BC6B07AE28008AD90012DF40 /* NetworkServices.swift in Sources */,
				BC6B079428007A690012DF40 /* CharactersVC.swift in Sources */,
				BC6B07B42800ADD40012DF40 /* UIViewControllerExt.swift in Sources */,
				BC6B079028007A690012DF40 /* AppDelegate.swift in Sources */,
				BC6B07B02800A34C0012DF40 /* DetailedCharacterVC.swift in Sources */,
				BC6B07AC280083A10012DF40 /* StarWarsModel.swift in Sources */,
				BC6B079228007A690012DF40 /* SceneDelegate.swift in Sources */,
				BC6B07AA280083770012DF40 /* CharacterCell.swift in Sources */,
				BC6B07B62800B56B0012DF40 /* DetailedPlanetVC.swift in Sources */,
			);
			runOnlyForDeploymentPostprocessing = 0;
		};
/* End PBXSourcesBuildPhase section */

/* Begin PBXVariantGroup section */
		BC6B079528007A690012DF40 /* Main.storyboard */ = {
			isa = PBXVariantGroup;
			children = (
				BC6B079628007A690012DF40 /* Base */,
			);
			name = Main.storyboard;
			sourceTree = "<group>";
		};
		BC6B079A28007A6B0012DF40 /* LaunchScreen.storyboard */ = {
			isa = PBXVariantGroup;
			children = (
				BC6B079B28007A6B0012DF40 /* Base */,
			);
			name = LaunchScreen.storyboard;
			sourceTree = "<group>";
		};
/* End PBXVariantGroup section */

/* Begin XCBuildConfiguration section */
		BC6B079E28007A6B0012DF40 /* Debug */ = {
			isa = XCBuildConfiguration;
			buildSettings = {
				ALWAYS_SEARCH_USER_PATHS = NO;
				CLANG_ANALYZER_NONNULL = YES;
				CLANG_ANALYZER_NUMBER_OBJECT_CONVERSION = YES_AGGRESSIVE;
				CLANG_CXX_LANGUAGE_STANDARD = "gnu++17";
				CLANG_ENABLE_MODULES = YES;
				CLANG_ENABLE_OBJC_ARC = YES;
				CLANG_ENABLE_OBJC_WEAK = YES;
				CLANG_WARN_BLOCK_CAPTURE_AUTORELEASING = YES;
				CLANG_WARN_BOOL_CONVERSION = YES;
				CLANG_WARN_COMMA = YES;
				CLANG_WARN_CONSTANT_CONVERSION = YES;
				CLANG_WARN_DEPRECATED_OBJC_IMPLEMENTATIONS = YES;
				CLANG_WARN_DIRECT_OBJC_ISA_USAGE = YES_ERROR;
				CLANG_WARN_DOCUMENTATION_COMMENTS = YES;
				CLANG_WARN_EMPTY_BODY = YES;
				CLANG_WARN_ENUM_CONVERSION = YES;
				CLANG_WARN_INFINITE_RECURSION = YES;
				CLANG_WARN_INT_CONVERSION = YES;
				CLANG_WARN_NON_LITERAL_NULL_CONVERSION = YES;
				CLANG_WARN_OBJC_IMPLICIT_RETAIN_SELF = YES;
				CLANG_WARN_OBJC_LITERAL_CONVERSION = YES;
				CLANG_WARN_OBJC_ROOT_CLASS = YES_ERROR;
				CLANG_WARN_QUOTED_INCLUDE_IN_FRAMEWORK_HEADER = YES;
				CLANG_WARN_RANGE_LOOP_ANALYSIS = YES;
				CLANG_WARN_STRICT_PROTOTYPES = YES;
				CLANG_WARN_SUSPICIOUS_MOVE = YES;
				CLANG_WARN_UNGUARDED_AVAILABILITY = YES_AGGRESSIVE;
				CLANG_WARN_UNREACHABLE_CODE = YES;
				CLANG_WARN__DUPLICATE_METHOD_MATCH = YES;
				COPY_PHASE_STRIP = NO;
				DEBUG_INFORMATION_FORMAT = dwarf;
				ENABLE_STRICT_OBJC_MSGSEND = YES;
				ENABLE_TESTABILITY = YES;
				GCC_C_LANGUAGE_STANDARD = gnu11;
				GCC_DYNAMIC_NO_PIC = NO;
				GCC_NO_COMMON_BLOCKS = YES;
				GCC_OPTIMIZATION_LEVEL = 0;
				GCC_PREPROCESSOR_DEFINITIONS = (
					"DEBUG=1",
					"$(inherited)",
				);
				GCC_WARN_64_TO_32_BIT_CONVERSION = YES;
				GCC_WARN_ABOUT_RETURN_TYPE = YES_ERROR;
				GCC_WARN_UNDECLARED_SELECTOR = YES;
				GCC_WARN_UNINITIALIZED_AUTOS = YES_AGGRESSIVE;
				GCC_WARN_UNUSED_FUNCTION = YES;
				GCC_WARN_UNUSED_VARIABLE = YES;
				IPHONEOS_DEPLOYMENT_TARGET = 15.4;
				MTL_ENABLE_DEBUG_INFO = INCLUDE_SOURCE;
				MTL_FAST_MATH = YES;
				ONLY_ACTIVE_ARCH = YES;
				SDKROOT = iphoneos;
				SWIFT_ACTIVE_COMPILATION_CONDITIONS = DEBUG;
				SWIFT_OPTIMIZATION_LEVEL = "-Onone";
			};
			name = Debug;
		};
		BC6B079F28007A6B0012DF40 /* Release */ = {
			isa = XCBuildConfiguration;
			buildSettings = {
				ALWAYS_SEARCH_USER_PATHS = NO;
				CLANG_ANALYZER_NONNULL = YES;
				CLANG_ANALYZER_NUMBER_OBJECT_CONVERSION = YES_AGGRESSIVE;
				CLANG_CXX_LANGUAGE_STANDARD = "gnu++17";
				CLANG_ENABLE_MODULES = YES;
				CLANG_ENABLE_OBJC_ARC = YES;
				CLANG_ENABLE_OBJC_WEAK = YES;
				CLANG_WARN_BLOCK_CAPTURE_AUTORELEASING = YES;
				CLANG_WARN_BOOL_CONVERSION = YES;
				CLANG_WARN_COMMA = YES;
				CLANG_WARN_CONSTANT_CONVERSION = YES;
				CLANG_WARN_DEPRECATED_OBJC_IMPLEMENTATIONS = YES;
				CLANG_WARN_DIRECT_OBJC_ISA_USAGE = YES_ERROR;
				CLANG_WARN_DOCUMENTATION_COMMENTS = YES;
				CLANG_WARN_EMPTY_BODY = YES;
				CLANG_WARN_ENUM_CONVERSION = YES;
				CLANG_WARN_INFINITE_RECURSION = YES;
				CLANG_WARN_INT_CONVERSION = YES;
				CLANG_WARN_NON_LITERAL_NULL_CONVERSION = YES;
				CLANG_WARN_OBJC_IMPLICIT_RETAIN_SELF = YES;
				CLANG_WARN_OBJC_LITERAL_CONVERSION = YES;
				CLANG_WARN_OBJC_ROOT_CLASS = YES_ERROR;
				CLANG_WARN_QUOTED_INCLUDE_IN_FRAMEWORK_HEADER = YES;
				CLANG_WARN_RANGE_LOOP_ANALYSIS = YES;
				CLANG_WARN_STRICT_PROTOTYPES = YES;
				CLANG_WARN_SUSPICIOUS_MOVE = YES;
				CLANG_WARN_UNGUARDED_AVAILABILITY = YES_AGGRESSIVE;
				CLANG_WARN_UNREACHABLE_CODE = YES;
				CLANG_WARN__DUPLICATE_METHOD_MATCH = YES;
				COPY_PHASE_STRIP = NO;
				DEBUG_INFORMATION_FORMAT = "dwarf-with-dsym";
				ENABLE_NS_ASSERTIONS = NO;
				ENABLE_STRICT_OBJC_MSGSEND = YES;
				GCC_C_LANGUAGE_STANDARD = gnu11;
				GCC_NO_COMMON_BLOCKS = YES;
				GCC_WARN_64_TO_32_BIT_CONVERSION = YES;
				GCC_WARN_ABOUT_RETURN_TYPE = YES_ERROR;
				GCC_WARN_UNDECLARED_SELECTOR = YES;
				GCC_WARN_UNINITIALIZED_AUTOS = YES_AGGRESSIVE;
				GCC_WARN_UNUSED_FUNCTION = YES;
				GCC_WARN_UNUSED_VARIABLE = YES;
				IPHONEOS_DEPLOYMENT_TARGET = 15.4;
				MTL_ENABLE_DEBUG_INFO = NO;
				MTL_FAST_MATH = YES;
				SDKROOT = iphoneos;
				SWIFT_COMPILATION_MODE = wholemodule;
				SWIFT_OPTIMIZATION_LEVEL = "-O";
				VALIDATE_PRODUCT = YES;
			};
			name = Release;
		};
		BC6B07A128007A6B0012DF40 /* Debug */ = {
			isa = XCBuildConfiguration;
			buildSettings = {
				ASSETCATALOG_COMPILER_APPICON_NAME = AppIcon;
				ASSETCATALOG_COMPILER_GLOBAL_ACCENT_COLOR_NAME = AccentColor;
				CODE_SIGN_STYLE = Automatic;
				CURRENT_PROJECT_VERSION = 1;
				DEVELOPMENT_TEAM = 38M6285G4U;
				GENERATE_INFOPLIST_FILE = YES;
				INFOPLIST_FILE = StarWarsApiTest/Info.plist;
				INFOPLIST_KEY_UIApplicationSupportsIndirectInputEvents = YES;
				INFOPLIST_KEY_UILaunchStoryboardName = LaunchScreen;
				INFOPLIST_KEY_UIMainStoryboardFile = Main;
				INFOPLIST_KEY_UISupportedInterfaceOrientations_iPad = "UIInterfaceOrientationPortrait UIInterfaceOrientationPortraitUpsideDown UIInterfaceOrientationLandscapeLeft UIInterfaceOrientationLandscapeRight";
				INFOPLIST_KEY_UISupportedInterfaceOrientations_iPhone = "UIInterfaceOrientationPortrait UIInterfaceOrientationLandscapeLeft UIInterfaceOrientationLandscapeRight";
				LD_RUNPATH_SEARCH_PATHS = (
					"$(inherited)",
					"@executable_path/Frameworks",
				);
				MARKETING_VERSION = 1.0;
				PRODUCT_BUNDLE_IDENTIFIER = hlebushek.StarWarsApiTest;
				PRODUCT_NAME = "$(TARGET_NAME)";
				SWIFT_EMIT_LOC_STRINGS = YES;
				SWIFT_VERSION = 5.0;
				TARGETED_DEVICE_FAMILY = "1,2";
			};
			name = Debug;
		};
		BC6B07A228007A6B0012DF40 /* Release */ = {
			isa = XCBuildConfiguration;
			buildSettings = {
				ASSETCATALOG_COMPILER_APPICON_NAME = AppIcon;
				ASSETCATALOG_COMPILER_GLOBAL_ACCENT_COLOR_NAME = AccentColor;
				CODE_SIGN_STYLE = Automatic;
				CURRENT_PROJECT_VERSION = 1;
				DEVELOPMENT_TEAM = 38M6285G4U;
				GENERATE_INFOPLIST_FILE = YES;
				INFOPLIST_FILE = StarWarsApiTest/Info.plist;
				INFOPLIST_KEY_UIApplicationSupportsIndirectInputEvents = YES;
				INFOPLIST_KEY_UILaunchStoryboardName = LaunchScreen;
				INFOPLIST_KEY_UIMainStoryboardFile = Main;
				INFOPLIST_KEY_UISupportedInterfaceOrientations_iPad = "UIInterfaceOrientationPortrait UIInterfaceOrientationPortraitUpsideDown UIInterfaceOrientationLandscapeLeft UIInterfaceOrientationLandscapeRight";
				INFOPLIST_KEY_UISupportedInterfaceOrientations_iPhone = "UIInterfaceOrientationPortrait UIInterfaceOrientationLandscapeLeft UIInterfaceOrientationLandscapeRight";
				LD_RUNPATH_SEARCH_PATHS = (
					"$(inherited)",
					"@executable_path/Frameworks",
				);
				MARKETING_VERSION = 1.0;
				PRODUCT_BUNDLE_IDENTIFIER = hlebushek.StarWarsApiTest;
				PRODUCT_NAME = "$(TARGET_NAME)";
				SWIFT_EMIT_LOC_STRINGS = YES;
				SWIFT_VERSION = 5.0;
				TARGETED_DEVICE_FAMILY = "1,2";
			};
			name = Release;
		};
/* End XCBuildConfiguration section */

/* Begin XCConfigurationList section */
		BC6B078728007A690012DF40 /* Build configuration list for PBXProject "StarWarsApiTest" */ = {
			isa = XCConfigurationList;
			buildConfigurations = (
				BC6B079E28007A6B0012DF40 /* Debug */,
				BC6B079F28007A6B0012DF40 /* Release */,
			);
			defaultConfigurationIsVisible = 0;
			defaultConfigurationName = Release;
		};
		BC6B07A028007A6B0012DF40 /* Build configuration list for PBXNativeTarget "StarWarsApiTest" */ = {
			isa = XCConfigurationList;
			buildConfigurations = (
				BC6B07A128007A6B0012DF40 /* Debug */,
				BC6B07A228007A6B0012DF40 /* Release */,
			);
			defaultConfigurationIsVisible = 0;
			defaultConfigurationName = Release;
		};
/* End XCConfigurationList section */
	};
	rootObject = BC6B078428007A690012DF40 /* Project object */;
}
